// !$*UTF8*$!
{
	archiveVersion = 1;
	classes = {
	};
	objectVersion = 50;
	objects = {

/* Begin PBXBuildFile section */
		6763BAC1216FC2E4007C8BDF /* PocketChefPro.swift in Sources */ = {isa = PBXBuildFile; fileRef = 6763BAC0216FC2E4007C8BDF /* PocketChefPro.swift */; };
		67976D34216FBAC3009AF3F7 /* AppDelegate.swift in Sources */ = {isa = PBXBuildFile; fileRef = 67976D33216FBAC3009AF3F7 /* AppDelegate.swift */; };
		67976D36216FBAC3009AF3F7 /* ViewController.swift in Sources */ = {isa = PBXBuildFile; fileRef = 67976D35216FBAC3009AF3F7 /* ViewController.swift */; };
		67976D39216FBAC3009AF3F7 /* Main.storyboard in Resources */ = {isa = PBXBuildFile; fileRef = 67976D37216FBAC3009AF3F7 /* Main.storyboard */; };
		67976D3B216FBAC4009AF3F7 /* Assets.xcassets in Resources */ = {isa = PBXBuildFile; fileRef = 67976D3A216FBAC4009AF3F7 /* Assets.xcassets */; };
		67976D3E216FBAC4009AF3F7 /* LaunchScreen.storyboard in Resources */ = {isa = PBXBuildFile; fileRef = 67976D3C216FBAC4009AF3F7 /* LaunchScreen.storyboard */; };
/* End PBXBuildFile section */

/* Begin PBXFileReference section */
		6763BAC0216FC2E4007C8BDF /* PocketChefPro.swift */ = {isa = PBXFileReference; lastKnownFileType = sourcecode.swift; path = PocketChefPro.swift; sourceTree = "<group>"; };
		67976D30216FBAC3009AF3F7 /* Pocket Chef Pro.app */ = {isa = PBXFileReference; explicitFileType = wrapper.application; includeInIndex = 0; path = "Pocket Chef Pro.app"; sourceTree = BUILT_PRODUCTS_DIR; };
		67976D33216FBAC3009AF3F7 /* AppDelegate.swift */ = {isa = PBXFileReference; lastKnownFileType = sourcecode.swift; path = AppDelegate.swift; sourceTree = "<group>"; };
		67976D35216FBAC3009AF3F7 /* ViewController.swift */ = {isa = PBXFileReference; lastKnownFileType = sourcecode.swift; path = ViewController.swift; sourceTree = "<group>"; };
		67976D38216FBAC3009AF3F7 /* Base */ = {isa = PBXFileReference; lastKnownFileType = file.storyboard; name = Base; path = Base.lproj/Main.storyboard; sourceTree = "<group>"; };
		67976D3A216FBAC4009AF3F7 /* Assets.xcassets */ = {isa = PBXFileReference; lastKnownFileType = folder.assetcatalog; path = Assets.xcassets; sourceTree = "<group>"; };
		67976D3D216FBAC4009AF3F7 /* Base */ = {isa = PBXFileReference; lastKnownFileType = file.storyboard; name = Base; path = Base.lproj/LaunchScreen.storyboard; sourceTree = "<group>"; };
		67976D3F216FBAC4009AF3F7 /* Info.plist */ = {isa = PBXFileReference; lastKnownFileType = text.plist.xml; path = Info.plist; sourceTree = "<group>"; };
/* End PBXFileReference section */

/* Begin PBXFrameworksBuildPhase section */
		67976D2D216FBAC3009AF3F7 /* Frameworks */ = {
			isa = PBXFrameworksBuildPhase;
			buildActionMask = 2147483647;
			files = (
			);
			runOnlyForDeploymentPostprocessing = 0;
		};
/* End PBXFrameworksBuildPhase section */

/* Begin PBXGroup section */
		67976D27216FBAC3009AF3F7 = {
			isa = PBXGroup;
			children = (
				67976D32216FBAC3009AF3F7 /* Pocket Chef Pro */,
				67976D31216FBAC3009AF3F7 /* Products */,
			);
			sourceTree = "<group>";
		};
		67976D31216FBAC3009AF3F7 /* Products */ = {
			isa = PBXGroup;
			children = (
				67976D30216FBAC3009AF3F7 /* Pocket Chef Pro.app */,
			);
			name = Products;
			sourceTree = "<group>";
		};
		67976D32216FBAC3009AF3F7 /* Pocket Chef Pro */ = {
			isa = PBXGroup;
			children = (
				67976D33216FBAC3009AF3F7 /* AppDelegate.swift */,
				67976D35216FBAC3009AF3F7 /* ViewController.swift */,
				67976D37216FBAC3009AF3F7 /* Main.storyboard */,
				6763BAC0216FC2E4007C8BDF /* PocketChefPro.swift */,
				67976D3A216FBAC4009AF3F7 /* Assets.xcassets */,
				67976D3C216FBAC4009AF3F7 /* LaunchScreen.storyboard */,
				67976D3F216FBAC4009AF3F7 /* Info.plist */,
			);
			path = "Pocket Chef Pro";
			sourceTree = "<group>";
		};
/* End PBXGroup section */

/* Begin PBXNativeTarget section */
		67976D2F216FBAC3009AF3F7 /* Pocket Chef Pro */ = {
			isa = PBXNativeTarget;
			buildConfigurationList = 67976D42216FBAC4009AF3F7 /* Build configuration list for PBXNativeTarget "Pocket Chef Pro" */;
			buildPhases = (
				67976D2C216FBAC3009AF3F7 /* Sources */,
				67976D2D216FBAC3009AF3F7 /* Frameworks */,
				67976D2E216FBAC3009AF3F7 /* Resources */,
			);
			buildRules = (
			);
			dependencies = (
			);
			name = "Pocket Chef Pro";
			productName = "Pocket Chef Pro";
			productReference = 67976D30216FBAC3009AF3F7 /* Pocket Chef Pro.app */;
			productType = "com.apple.product-type.application";
		};
/* End PBXNativeTarget section */

/* Begin PBXProject section */
		67976D28216FBAC3009AF3F7 /* Project object */ = {
			isa = PBXProject;
			attributes = {
				LastSwiftUpdateCheck = 0940;
				LastUpgradeCheck = 0940;
				ORGANIZATIONNAME = "Ari Klebanov";
				TargetAttributes = {
					67976D2F216FBAC3009AF3F7 = {
						CreatedOnToolsVersion = 9.4.1;
					};
				};
			};
			buildConfigurationList = 67976D2B216FBAC3009AF3F7 /* Build configuration list for PBXProject "Pocket Chef Pro" */;
			compatibilityVersion = "Xcode 9.3";
			developmentRegion = en;
			hasScannedForEncodings = 0;
			knownRegions = (
				en,
				Base,
			);
			mainGroup = 67976D27216FBAC3009AF3F7;
			productRefGroup = 67976D31216FBAC3009AF3F7 /* Products */;
			projectDirPath = "";
			projectRoot = "";
			targets = (
				67976D2F216FBAC3009AF3F7 /* Pocket Chef Pro */,
			);
		};
/* End PBXProject section */

/* Begin PBXResourcesBuildPhase section */
		67976D2E216FBAC3009AF3F7 /* Resources */ = {
			isa = PBXResourcesBuildPhase;
			buildActionMask = 2147483647;
			files = (
				67976D3E216FBAC4009AF3F7 /* LaunchScreen.storyboard in Resources */,
				67976D3B216FBAC4009AF3F7 /* Assets.xcassets in Resources */,
				67976D39216FBAC3009AF3F7 /* Main.storyboard in Resources */,
			);
			runOnlyForDeploymentPostprocessing = 0;
		};
/* End PBXResourcesBuildPhase section */

/* Begin PBXSourcesBuildPhase section */
		67976D2C216FBAC3009AF3F7 /* Sources */ = {
			isa = PBXSourcesBuildPhase;
			buildActionMask = 2147483647;
			files = (
				6763BAC1216FC2E4007C8BDF /* PocketChefPro.swift in Sources */,
				67976D36216FBAC3009AF3F7 /* ViewController.swift in Sources */,
				67976D34216FBAC3009AF3F7 /* AppDelegate.swift in Sources */,
			);
			runOnlyForDeploymentPostprocessing = 0;
		};
/* End PBXSourcesBuildPhase section */

/* Begin PBXVariantGroup section */
		67976D37216FBAC3009AF3F7 /* Main.storyboard */ = {
			isa = PBXVariantGroup;
			children = (
				67976D38216FBAC3009AF3F7 /* Base */,
			);
			name = Main.storyboard;
			sourceTree = "<group>";
		};
		67976D3C216FBAC4009AF3F7 /* LaunchScreen.storyboard */ = {
			isa = PBXVariantGroup;
			children = (
				67976D3D216FBAC4009AF3F7 /* Base */,
			);
			name = LaunchScreen.storyboard;
			sourceTree = "<group>";
		};
/* End PBXVariantGroup section */

/* Begin XCBuildConfiguration section */
		67976D40216FBAC4009AF3F7 /* Debug */ = {
			isa = XCBuildConfiguration;
			buildSettings = {
				ALWAYS_SEARCH_USER_PATHS = NO;
				CLANG_ANALYZER_NONNULL = YES;
				CLANG_ANALYZER_NUMBER_OBJECT_CONVERSION = YES_AGGRESSIVE;
				CLANG_CXX_LANGUAGE_STANDARD = "gnu++14";
				CLANG_CXX_LIBRARY = "libc++";
				CLANG_ENABLE_MODULES = YES;
				CLANG_ENABLE_OBJC_ARC = YES;
				CLANG_ENABLE_OBJC_WEAK = YES;
				CLANG_WARN_BLOCK_CAPTURE_AUTORELEASING = YES;
				CLANG_WARN_BOOL_CONVERSION = YES;
				CLANG_WARN_COMMA = YES;
				CLANG_WARN_CONSTANT_CONVERSION = YES;
				CLANG_WARN_DEPRECATED_OBJC_IMPLEMENTATIONS = YES;
				CLANG_WARN_DIRECT_OBJC_ISA_USAGE = YES_ERROR;
				CLANG_WARN_DOCUMENTATION_COMMENTS = YES;
				CLANG_WARN_EMPTY_BODY = YES;
				CLANG_WARN_ENUM_CONVERSION = YES;
				CLANG_WARN_INFINITE_RECURSION = YES;
				CLANG_WARN_INT_CONVERSION = YES;
				CLANG_WARN_NON_LITERAL_NULL_CONVERSION = YES;
				CLANG_WARN_OBJC_IMPLICIT_RETAIN_SELF = YES;
				CLANG_WARN_OBJC_LITERAL_CONVERSION = YES;
				CLANG_WARN_OBJC_ROOT_CLASS = YES_ERROR;
				CLANG_WARN_RANGE_LOOP_ANALYSIS = YES;
				CLANG_WARN_STRICT_PROTOTYPES = YES;
				CLANG_WARN_SUSPICIOUS_MOVE = YES;
				CLANG_WARN_UNGUARDED_AVAILABILITY = YES_AGGRESSIVE;
				CLANG_WARN_UNREACHABLE_CODE = YES;
				CLANG_WARN__DUPLICATE_METHOD_MATCH = YES;
				CODE_SIGN_IDENTITY = "iPhone Developer";
				COPY_PHASE_STRIP = NO;
				DEBUG_INFORMATION_FORMAT = dwarf;
				ENABLE_STRICT_OBJC_MSGSEND = YES;
				ENABLE_TESTABILITY = YES;
				GCC_C_LANGUAGE_STANDARD = gnu11;
				GCC_DYNAMIC_NO_PIC = NO;
				GCC_NO_COMMON_BLOCKS = YES;
				GCC_OPTIMIZATION_LEVEL = 0;
				GCC_PREPROCESSOR_DEFINITIONS = (
					"DEBUG=1",
					"$(inherited)",
				);
				GCC_WARN_64_TO_32_BIT_CONVERSION = YES;
				GCC_WARN_ABOUT_RETURN_TYPE = YES_ERROR;
				GCC_WARN_UNDECLARED_SELECTOR = YES;
				GCC_WARN_UNINITIALIZED_AUTOS = YES_AGGRESSIVE;
				GCC_WARN_UNUSED_FUNCTION = YES;
				GCC_WARN_UNUSED_VARIABLE = YES;
				IPHONEOS_DEPLOYMENT_TARGET = 11.4;
				MTL_ENABLE_DEBUG_INFO = YES;
				ONLY_ACTIVE_ARCH = YES;
				SDKROOT = iphoneos;
				SWIFT_ACTIVE_COMPILATION_CONDITIONS = DEBUG;
				SWIFT_OPTIMIZATION_LEVEL = "-Onone";
			};
			name = Debug;
		};
		67976D41216FBAC4009AF3F7 /* Release */ = {
			isa = XCBuildConfiguration;
			buildSettings = {
				ALWAYS_SEARCH_USER_PATHS = NO;
				CLANG_ANALYZER_NONNULL = YES;
				CLANG_ANALYZER_NUMBER_OBJECT_CONVERSION = YES_AGGRESSIVE;
				CLANG_CXX_LANGUAGE_STANDARD = "gnu++14";
				CLANG_CXX_LIBRARY = "libc++";
				CLANG_ENABLE_MODULES = YES;
				CLANG_ENABLE_OBJC_ARC = YES;
				CLANG_ENABLE_OBJC_WEAK = YES;
				CLANG_WARN_BLOCK_CAPTURE_AUTORELEASING = YES;
				CLANG_WARN_BOOL_CONVERSION = YES;
				CLANG_WARN_COMMA = YES;
				CLANG_WARN_CONSTANT_CONVERSION = YES;
				CLANG_WARN_DEPRECATED_OBJC_IMPLEMENTATIONS = YES;
				CLANG_WARN_DIRECT_OBJC_ISA_USAGE = YES_ERROR;
				CLANG_WARN_DOCUMENTATION_COMMENTS = YES;
				CLANG_WARN_EMPTY_BODY = YES;
				CLANG_WARN_ENUM_CONVERSION = YES;
				CLANG_WARN_INFINITE_RECURSION = YES;
				CLANG_WARN_INT_CONVERSION = YES;
				CLANG_WARN_NON_LITERAL_NULL_CONVERSION = YES;
				CLANG_WARN_OBJC_IMPLICIT_RETAIN_SELF = YES;
				CLANG_WARN_OBJC_LITERAL_CONVERSION = YES;
				CLANG_WARN_OBJC_ROOT_CLASS = YES_ERROR;
				CLANG_WARN_RANGE_LOOP_ANALYSIS = YES;
				CLANG_WARN_STRICT_PROTOTYPES = YES;
				CLANG_WARN_SUSPICIOUS_MOVE = YES;
				CLANG_WARN_UNGUARDED_AVAILABILITY = YES_AGGRESSIVE;
				CLANG_WARN_UNREACHABLE_CODE = YES;
				CLANG_WARN__DUPLICATE_METHOD_MATCH = YES;
				CODE_SIGN_IDENTITY = "iPhone Developer";
				COPY_PHASE_STRIP = NO;
				DEBUG_INFORMATION_FORMAT = "dwarf-with-dsym";
				ENABLE_NS_ASSERTIONS = NO;
				ENABLE_STRICT_OBJC_MSGSEND = YES;
				GCC_C_LANGUAGE_STANDARD = gnu11;
				GCC_NO_COMMON_BLOCKS = YES;
				GCC_WARN_64_TO_32_BIT_CONVERSION = YES;
				GCC_WARN_ABOUT_RETURN_TYPE = YES_ERROR;
				GCC_WARN_UNDECLARED_SELECTOR = YES;
				GCC_WARN_UNINITIALIZED_AUTOS = YES_AGGRESSIVE;
				GCC_WARN_UNUSED_FUNCTION = YES;
				GCC_WARN_UNUSED_VARIABLE = YES;
				IPHONEOS_DEPLOYMENT_TARGET = 11.4;
				MTL_ENABLE_DEBUG_INFO = NO;
				SDKROOT = iphoneos;
				SWIFT_COMPILATION_MODE = wholemodule;
				SWIFT_OPTIMIZATION_LEVEL = "-O";
				VALIDATE_PRODUCT = YES;
			};
			name = Release;
		};
		67976D43216FBAC4009AF3F7 /* Debug */ = {
			isa = XCBuildConfiguration;
			buildSettings = {
				ASSETCATALOG_COMPILER_APPICON_NAME = AppIcon;
				CODE_SIGN_STYLE = Automatic;
				DEVELOPMENT_TEAM = 6BA6D5CY5N;
				INFOPLIST_FILE = "Pocket Chef Pro/Info.plist";
				LD_RUNPATH_SEARCH_PATHS = (
					"$(inherited)",
					"@executable_path/Frameworks",
				);
				PRODUCT_BUNDLE_IDENTIFIER = "ATLAS-4120.Pocket-Chef-Pro";
				PRODUCT_NAME = "$(TARGET_NAME)";
				SWIFT_VERSION = 4.0;
				TARGETED_DEVICE_FAMILY = "1,2";
			};
			name = Debug;
		};
		67976D44216FBAC4009AF3F7 /* Release */ = {
			isa = XCBuildConfiguration;
			buildSettings = {
				ASSETCATALOG_COMPILER_APPICON_NAME = AppIcon;
				CODE_SIGN_STYLE = Automatic;
				DEVELOPMENT_TEAM = 6BA6D5CY5N;
				INFOPLIST_FILE = "Pocket Chef Pro/Info.plist";
				LD_RUNPATH_SEARCH_PATHS = (
					"$(inherited)",
					"@executable_path/Frameworks",
				);
				PRODUCT_BUNDLE_IDENTIFIER = "ATLAS-4120.Pocket-Chef-Pro";
				PRODUCT_NAME = "$(TARGET_NAME)";
				SWIFT_VERSION = 4.0;
				TARGETED_DEVICE_FAMILY = "1,2";
			};
			name = Release;
		};
/* End XCBuildConfiguration section */

/* Begin XCConfigurationList section */
		67976D2B216FBAC3009AF3F7 /* Build configuration list for PBXProject "Pocket Chef Pro" */ = {
			isa = XCConfigurationList;
			buildConfigurations = (
				67976D40216FBAC4009AF3F7 /* Debug */,
				67976D41216FBAC4009AF3F7 /* Release */,
			);
			defaultConfigurationIsVisible = 0;
			defaultConfigurationName = Release;
		};
		67976D42216FBAC4009AF3F7 /* Build configuration list for PBXNativeTarget "Pocket Chef Pro" */ = {
			isa = XCConfigurationList;
			buildConfigurations = (
				67976D43216FBAC4009AF3F7 /* Debug */,
				67976D44216FBAC4009AF3F7 /* Release */,
			);
			defaultConfigurationIsVisible = 0;
			defaultConfigurationName = Release;
		};
/* End XCConfigurationList section */
	};
	rootObject = 67976D28216FBAC3009AF3F7 /* Project object */;
}
